
Microsoft Visual Studio Solution File, Format Version 12.00
# Visual Studio Version 17
VisualStudioVersion = 17.12.35728.132 d17.12
MinimumVisualStudioVersion = 10.0.40219.1
Project("{2150E333-8FDC-42A3-9474-1A3956D46DE8}") = "src", "src", "{FBC87C70-474E-4BA4-A5A8-70F5E77A0878}"
EndProject
Project("{2150E333-8FDC-42A3-9474-1A3956D46DE8}") = "Api", "Api", "{49C8901F-6FF7-408A-AF76-40F18779364B}"
EndProject
Project("{2150E333-8FDC-42A3-9474-1A3956D46DE8}") = "Core", "Core", "{51AE3BC7-43D0-4F0F-B078-FA7CBF56A44C}"
EndProject
Project("{2150E333-8FDC-42A3-9474-1A3956D46DE8}") = "infrastructure", "infrastructure", "{CB1EA967-5C42-4A3F-A54A-EE786B444C4F}"
EndProject
Project("{FAE04EC0-301F-11D3-BF4B-00C04F79EFBC}") = "Rira_Task.Persistence", "Rira_Task.Persistence\Rira_Task.Persistence.csproj", "{DBC3EAE9-C93B-4D05-8B04-29048CC1C510}"
EndProject
Project("{FAE04EC0-301F-11D3-BF4B-00C04F79EFBC}") = "Rira_Task.Application", "Rira_Task.Application\Rira_Task.Application.csproj", "{27AA8B76-08F7-440C-B9DB-75C9C4C02EC1}"
EndProject
Project("{FAE04EC0-301F-11D3-BF4B-00C04F79EFBC}") = "Rira_Task.Domain", "Rira_Task.Domain\Rira_Task.Domain.csproj", "{5DB362AE-A31B-47EA-A13F-4186F587D01A}"
EndProject
Project("{FAE04EC0-301F-11D3-BF4B-00C04F79EFBC}") = "Rira_Task.Api", "Rira_Task.Api\Rira_Task.Api.csproj", "{F3D7FEB6-9471-4FD8-B027-009D27B3359F}"
EndProject
Project("{FAE04EC0-301F-11D3-BF4B-00C04F79EFBC}") = "Rira_Task.Grpc", "Rira_Task.Grpc\Rira_Task.Grpc.csproj", "{4516358A-280E-4598-81B2-85A4ECCFCAAE}"
EndProject
Project("{FAE04EC0-301F-11D3-BF4B-00C04F79EFBC}") = "Rira_Task.Infrastructure", "Rira_Task.Infrastructure\Rira_Task.Infrastructure.csproj", "{BEA2EEB1-FD5E-40EF-9F1B-285558644A92}"
EndProject
Global
	GlobalSection(SolutionConfigurationPlatforms) = preSolution
		Debug|Any CPU = Debug|Any CPU
		Release|Any CPU = Release|Any CPU
	EndGlobalSection
	GlobalSection(ProjectConfigurationPlatforms) = postSolution
		{DBC3EAE9-C93B-4D05-8B04-29048CC1C510}.Debug|Any CPU.ActiveCfg = Debug|Any CPU
		{DBC3EAE9-C93B-4D05-8B04-29048CC1C510}.Debug|Any CPU.Build.0 = Debug|Any CPU
		{DBC3EAE9-C93B-4D05-8B04-29048CC1C510}.Release|Any CPU.ActiveCfg = Release|Any CPU
		{DBC3EAE9-C93B-4D05-8B04-29048CC1C510}.Release|Any CPU.Build.0 = Release|Any CPU
		{27AA8B76-08F7-440C-B9DB-75C9C4C02EC1}.Debug|Any CPU.ActiveCfg = Debug|Any CPU
		{27AA8B76-08F7-440C-B9DB-75C9C4C02EC1}.Debug|Any CPU.Build.0 = Debug|Any CPU
		{27AA8B76-08F7-440C-B9DB-75C9C4C02EC1}.Release|Any CPU.ActiveCfg = Release|Any CPU
		{27AA8B76-08F7-440C-B9DB-75C9C4C02EC1}.Release|Any CPU.Build.0 = Release|Any CPU
		{5DB362AE-A31B-47EA-A13F-4186F587D01A}.Debug|Any CPU.ActiveCfg = Debug|Any CPU
		{5DB362AE-A31B-47EA-A13F-4186F587D01A}.Debug|Any CPU.Build.0 = Debug|Any CPU
		{5DB362AE-A31B-47EA-A13F-4186F587D01A}.Release|Any CPU.ActiveCfg = Release|Any CPU
		{5DB362AE-A31B-47EA-A13F-4186F587D01A}.Release|Any CPU.Build.0 = Release|Any CPU
		{F3D7FEB6-9471-4FD8-B027-009D27B3359F}.Debug|Any CPU.ActiveCfg = Debug|Any CPU
		{F3D7FEB6-9471-4FD8-B027-009D27B3359F}.Debug|Any CPU.Build.0 = Debug|Any CPU
		{F3D7FEB6-9471-4FD8-B027-009D27B3359F}.Release|Any CPU.ActiveCfg = Release|Any CPU
		{F3D7FEB6-9471-4FD8-B027-009D27B3359F}.Release|Any CPU.Build.0 = Release|Any CPU
		{4516358A-280E-4598-81B2-85A4ECCFCAAE}.Debug|Any CPU.ActiveCfg = Debug|Any CPU
		{4516358A-280E-4598-81B2-85A4ECCFCAAE}.Debug|Any CPU.Build.0 = Debug|Any CPU
		{4516358A-280E-4598-81B2-85A4ECCFCAAE}.Release|Any CPU.ActiveCfg = Release|Any CPU
		{4516358A-280E-4598-81B2-85A4ECCFCAAE}.Release|Any CPU.Build.0 = Release|Any CPU
		{BEA2EEB1-FD5E-40EF-9F1B-285558644A92}.Debug|Any CPU.ActiveCfg = Debug|Any CPU
		{BEA2EEB1-FD5E-40EF-9F1B-285558644A92}.Debug|Any CPU.Build.0 = Debug|Any CPU
		{BEA2EEB1-FD5E-40EF-9F1B-285558644A92}.Release|Any CPU.ActiveCfg = Release|Any CPU
		{BEA2EEB1-FD5E-40EF-9F1B-285558644A92}.Release|Any CPU.Build.0 = Release|Any CPU
	EndGlobalSection
	GlobalSection(SolutionProperties) = preSolution
		HideSolutionNode = FALSE
	EndGlobalSection
	GlobalSection(NestedProjects) = preSolution
		{49C8901F-6FF7-408A-AF76-40F18779364B} = {FBC87C70-474E-4BA4-A5A8-70F5E77A0878}
		{51AE3BC7-43D0-4F0F-B078-FA7CBF56A44C} = {FBC87C70-474E-4BA4-A5A8-70F5E77A0878}
		{CB1EA967-5C42-4A3F-A54A-EE786B444C4F} = {FBC87C70-474E-4BA4-A5A8-70F5E77A0878}
		{DBC3EAE9-C93B-4D05-8B04-29048CC1C510} = {CB1EA967-5C42-4A3F-A54A-EE786B444C4F}
		{27AA8B76-08F7-440C-B9DB-75C9C4C02EC1} = {51AE3BC7-43D0-4F0F-B078-FA7CBF56A44C}
		{5DB362AE-A31B-47EA-A13F-4186F587D01A} = {51AE3BC7-43D0-4F0F-B078-FA7CBF56A44C}
		{F3D7FEB6-9471-4FD8-B027-009D27B3359F} = {49C8901F-6FF7-408A-AF76-40F18779364B}
		{4516358A-280E-4598-81B2-85A4ECCFCAAE} = {49C8901F-6FF7-408A-AF76-40F18779364B}
		{BEA2EEB1-FD5E-40EF-9F1B-285558644A92} = {CB1EA967-5C42-4A3F-A54A-EE786B444C4F}
	EndGlobalSection
EndGlobal
